// !$*UTF8*$!
{
	archiveVersion = 1;
	classes = {
	};
	objectVersion = 56;
	objects = {

/* Begin PBXBuildFile section */
		303CBC512BEB66F900A003E9 /* AppDelegate.swift in Sources */ = {isa = PBXBuildFile; fileRef = 303CBC502BEB66F900A003E9 /* AppDelegate.swift */; };
		303CBC532BEB66F900A003E9 /* SceneDelegate.swift in Sources */ = {isa = PBXBuildFile; fileRef = 303CBC522BEB66F900A003E9 /* SceneDelegate.swift */; };
		303CBC552BEB66F900A003E9 /* ViewController.swift in Sources */ = {isa = PBXBuildFile; fileRef = 303CBC542BEB66F900A003E9 /* ViewController.swift */; };
		303CBC582BEB66F900A003E9 /* Main.storyboard in Resources */ = {isa = PBXBuildFile; fileRef = 303CBC562BEB66F900A003E9 /* Main.storyboard */; };
		303CBC5A2BEB66FD00A003E9 /* Assets.xcassets in Resources */ = {isa = PBXBuildFile; fileRef = 303CBC592BEB66FD00A003E9 /* Assets.xcassets */; };
		303CBC5D2BEB66FD00A003E9 /* LaunchScreen.storyboard in Resources */ = {isa = PBXBuildFile; fileRef = 303CBC5B2BEB66FD00A003E9 /* LaunchScreen.storyboard */; };
		303CBC7F2BED99A100A003E9 /* QuestionViewController.swift in Sources */ = {isa = PBXBuildFile; fileRef = 303CBC7E2BED99A100A003E9 /* QuestionViewController.swift */; };
		303CBC812BED99CD00A003E9 /* AddViewController.swift in Sources */ = {isa = PBXBuildFile; fileRef = 303CBC802BED99CD00A003E9 /* AddViewController.swift */; };
		303CBC832BED99E100A003E9 /* FinishViewController.swift in Sources */ = {isa = PBXBuildFile; fileRef = 303CBC822BED99E100A003E9 /* FinishViewController.swift */; };
		303CBC8D2BEDC7F000A003E9 /* ListTableViewController.swift in Sources */ = {isa = PBXBuildFile; fileRef = 303CBC8C2BEDC7F000A003E9 /* ListTableViewController.swift */; };
		303CBC902BEDC83500A003E9 /* ListTableViewCell.swift in Sources */ = {isa = PBXBuildFile; fileRef = 303CBC8E2BEDC83500A003E9 /* ListTableViewCell.swift */; };
		303CBC912BEDC83500A003E9 /* ListTableViewCell.xib in Resources */ = {isa = PBXBuildFile; fileRef = 303CBC8F2BEDC83500A003E9 /* ListTableViewCell.xib */; };
/* End PBXBuildFile section */

/* Begin PBXFileReference section */
		303CBC4D2BEB66F900A003E9 /* WordList.app */ = {isa = PBXFileReference; explicitFileType = wrapper.application; includeInIndex = 0; path = WordList.app; sourceTree = BUILT_PRODUCTS_DIR; };
		303CBC502BEB66F900A003E9 /* AppDelegate.swift */ = {isa = PBXFileReference; lastKnownFileType = sourcecode.swift; path = AppDelegate.swift; sourceTree = "<group>"; };
		303CBC522BEB66F900A003E9 /* SceneDelegate.swift */ = {isa = PBXFileReference; lastKnownFileType = sourcecode.swift; path = SceneDelegate.swift; sourceTree = "<group>"; };
		303CBC542BEB66F900A003E9 /* ViewController.swift */ = {isa = PBXFileReference; lastKnownFileType = sourcecode.swift; path = ViewController.swift; sourceTree = "<group>"; };
		303CBC572BEB66F900A003E9 /* Base */ = {isa = PBXFileReference; lastKnownFileType = file.storyboard; name = Base; path = Base.lproj/Main.storyboard; sourceTree = "<group>"; };
		303CBC592BEB66FD00A003E9 /* Assets.xcassets */ = {isa = PBXFileReference; lastKnownFileType = folder.assetcatalog; path = Assets.xcassets; sourceTree = "<group>"; };
		303CBC5C2BEB66FD00A003E9 /* Base */ = {isa = PBXFileReference; lastKnownFileType = file.storyboard; name = Base; path = Base.lproj/LaunchScreen.storyboard; sourceTree = "<group>"; };
		303CBC5E2BEB66FD00A003E9 /* Info.plist */ = {isa = PBXFileReference; lastKnownFileType = text.plist.xml; path = Info.plist; sourceTree = "<group>"; };
		303CBC7E2BED99A100A003E9 /* QuestionViewController.swift */ = {isa = PBXFileReference; lastKnownFileType = sourcecode.swift; path = QuestionViewController.swift; sourceTree = "<group>"; };
		303CBC802BED99CD00A003E9 /* AddViewController.swift */ = {isa = PBXFileReference; lastKnownFileType = sourcecode.swift; path = AddViewController.swift; sourceTree = "<group>"; };
		303CBC822BED99E100A003E9 /* FinishViewController.swift */ = {isa = PBXFileReference; lastKnownFileType = sourcecode.swift; path = FinishViewController.swift; sourceTree = "<group>"; };
		303CBC8C2BEDC7F000A003E9 /* ListTableViewController.swift */ = {isa = PBXFileReference; lastKnownFileType = sourcecode.swift; path = ListTableViewController.swift; sourceTree = "<group>"; };
		303CBC8E2BEDC83500A003E9 /* ListTableViewCell.swift */ = {isa = PBXFileReference; lastKnownFileType = sourcecode.swift; path = ListTableViewCell.swift; sourceTree = "<group>"; };
		303CBC8F2BEDC83500A003E9 /* ListTableViewCell.xib */ = {isa = PBXFileReference; lastKnownFileType = file.xib; path = ListTableViewCell.xib; sourceTree = "<group>"; };
/* End PBXFileReference section */

/* Begin PBXFrameworksBuildPhase section */
		303CBC4A2BEB66F900A003E9 /* Frameworks */ = {
			isa = PBXFrameworksBuildPhase;
			buildActionMask = 2147483647;
			files = (
			);
			runOnlyForDeploymentPostprocessing = 0;
		};
/* End PBXFrameworksBuildPhase section */

/* Begin PBXGroup section */
		303CBC442BEB66F900A003E9 = {
			isa = PBXGroup;
			children = (
				303CBC4F2BEB66F900A003E9 /* WordList */,
				303CBC4E2BEB66F900A003E9 /* Products */,
			);
			sourceTree = "<group>";
		};
		303CBC4E2BEB66F900A003E9 /* Products */ = {
			isa = PBXGroup;
			children = (
				303CBC4D2BEB66F900A003E9 /* WordList.app */,
			);
			name = Products;
			sourceTree = "<group>";
		};
		303CBC4F2BEB66F900A003E9 /* WordList */ = {
			isa = PBXGroup;
			children = (
				303CBC502BEB66F900A003E9 /* AppDelegate.swift */,
				303CBC522BEB66F900A003E9 /* SceneDelegate.swift */,
				303CBC542BEB66F900A003E9 /* ViewController.swift */,
				303CBC7E2BED99A100A003E9 /* QuestionViewController.swift */,
				303CBC822BED99E100A003E9 /* FinishViewController.swift */,
				303CBC802BED99CD00A003E9 /* AddViewController.swift */,
				303CBC8C2BEDC7F000A003E9 /* ListTableViewController.swift */,
				303CBC8E2BEDC83500A003E9 /* ListTableViewCell.swift */,
				303CBC8F2BEDC83500A003E9 /* ListTableViewCell.xib */,
				303CBC562BEB66F900A003E9 /* Main.storyboard */,
				303CBC592BEB66FD00A003E9 /* Assets.xcassets */,
				303CBC5B2BEB66FD00A003E9 /* LaunchScreen.storyboard */,
				303CBC5E2BEB66FD00A003E9 /* Info.plist */,
			);
			path = WordList;
			sourceTree = "<group>";
		};
/* End PBXGroup section */

/* Begin PBXNativeTarget section */
		303CBC4C2BEB66F900A003E9 /* WordList */ = {
			isa = PBXNativeTarget;
			buildConfigurationList = 303CBC612BEB66FD00A003E9 /* Build configuration list for PBXNativeTarget "WordList" */;
			buildPhases = (
				303CBC492BEB66F900A003E9 /* Sources */,
				303CBC4A2BEB66F900A003E9 /* Frameworks */,
				303CBC4B2BEB66F900A003E9 /* Resources */,
			);
			buildRules = (
			);
			dependencies = (
			);
			name = WordList;
			productName = WordList;
			productReference = 303CBC4D2BEB66F900A003E9 /* WordList.app */;
			productType = "com.apple.product-type.application";
		};
/* End PBXNativeTarget section */

/* Begin PBXProject section */
		303CBC452BEB66F900A003E9 /* Project object */ = {
			isa = PBXProject;
			attributes = {
				BuildIndependentTargetsInParallel = 1;
				LastSwiftUpdateCheck = 1500;
				LastUpgradeCheck = 1500;
				TargetAttributes = {
					303CBC4C2BEB66F900A003E9 = {
						CreatedOnToolsVersion = 15.0.1;
					};
				};
			};
			buildConfigurationList = 303CBC482BEB66F900A003E9 /* Build configuration list for PBXProject "WordList" */;
			compatibilityVersion = "Xcode 14.0";
			developmentRegion = en;
			hasScannedForEncodings = 0;
			knownRegions = (
				en,
				Base,
			);
			mainGroup = 303CBC442BEB66F900A003E9;
			productRefGroup = 303CBC4E2BEB66F900A003E9 /* Products */;
			projectDirPath = "";
			projectRoot = "";
			targets = (
				303CBC4C2BEB66F900A003E9 /* WordList */,
			);
		};
/* End PBXProject section */

/* Begin PBXResourcesBuildPhase section */
		303CBC4B2BEB66F900A003E9 /* Resources */ = {
			isa = PBXResourcesBuildPhase;
			buildActionMask = 2147483647;
			files = (
				303CBC5D2BEB66FD00A003E9 /* LaunchScreen.storyboard in Resources */,
				303CBC912BEDC83500A003E9 /* ListTableViewCell.xib in Resources */,
				303CBC5A2BEB66FD00A003E9 /* Assets.xcassets in Resources */,
				303CBC582BEB66F900A003E9 /* Main.storyboard in Resources */,
			);
			runOnlyForDeploymentPostprocessing = 0;
		};
/* End PBXResourcesBuildPhase section */

/* Begin PBXSourcesBuildPhase section */
		303CBC492BEB66F900A003E9 /* Sources */ = {
			isa = PBXSourcesBuildPhase;
			buildActionMask = 2147483647;
			files = (
				303CBC812BED99CD00A003E9 /* AddViewController.swift in Sources */,
				303CBC902BEDC83500A003E9 /* ListTableViewCell.swift in Sources */,
				303CBC552BEB66F900A003E9 /* ViewController.swift in Sources */,
				303CBC512BEB66F900A003E9 /* AppDelegate.swift in Sources */,
				303CBC7F2BED99A100A003E9 /* QuestionViewController.swift in Sources */,
				303CBC532BEB66F900A003E9 /* SceneDelegate.swift in Sources */,
				303CBC832BED99E100A003E9 /* FinishViewController.swift in Sources */,
				303CBC8D2BEDC7F000A003E9 /* ListTableViewController.swift in Sources */,
			);
			runOnlyForDeploymentPostprocessing = 0;
		};
/* End PBXSourcesBuildPhase section */

/* Begin PBXVariantGroup section */
		303CBC562BEB66F900A003E9 /* Main.storyboard */ = {
			isa = PBXVariantGroup;
			children = (
				303CBC572BEB66F900A003E9 /* Base */,
			);
			name = Main.storyboard;
			sourceTree = "<group>";
		};
		303CBC5B2BEB66FD00A003E9 /* LaunchScreen.storyboard */ = {
			isa = PBXVariantGroup;
			children = (
				303CBC5C2BEB66FD00A003E9 /* Base */,
			);
			name = LaunchScreen.storyboard;
			sourceTree = "<group>";
		};
/* End PBXVariantGroup section */

/* Begin XCBuildConfiguration section */
		303CBC5F2BEB66FD00A003E9 /* Debug */ = {
			isa = XCBuildConfiguration;
			buildSettings = {
				ALWAYS_SEARCH_USER_PATHS = NO;
				ASSETCATALOG_COMPILER_GENERATE_SWIFT_ASSET_SYMBOL_EXTENSIONS = YES;
				CLANG_ANALYZER_NONNULL = YES;
				CLANG_ANALYZER_NUMBER_OBJECT_CONVERSION = YES_AGGRESSIVE;
				CLANG_CXX_LANGUAGE_STANDARD = "gnu++20";
				CLANG_ENABLE_MODULES = YES;
				CLANG_ENABLE_OBJC_ARC = YES;
				CLANG_ENABLE_OBJC_WEAK = YES;
				CLANG_WARN_BLOCK_CAPTURE_AUTORELEASING = YES;
				CLANG_WARN_BOOL_CONVERSION = YES;
				CLANG_WARN_COMMA = YES;
				CLANG_WARN_CONSTANT_CONVERSION = YES;
				CLANG_WARN_DEPRECATED_OBJC_IMPLEMENTATIONS = YES;
				CLANG_WARN_DIRECT_OBJC_ISA_USAGE = YES_ERROR;
				CLANG_WARN_DOCUMENTATION_COMMENTS = YES;
				CLANG_WARN_EMPTY_BODY = YES;
				CLANG_WARN_ENUM_CONVERSION = YES;
				CLANG_WARN_INFINITE_RECURSION = YES;
				CLANG_WARN_INT_CONVERSION = YES;
				CLANG_WARN_NON_LITERAL_NULL_CONVERSION = YES;
				CLANG_WARN_OBJC_IMPLICIT_RETAIN_SELF = YES;
				CLANG_WARN_OBJC_LITERAL_CONVERSION = YES;
				CLANG_WARN_OBJC_ROOT_CLASS = YES_ERROR;
				CLANG_WARN_QUOTED_INCLUDE_IN_FRAMEWORK_HEADER = YES;
				CLANG_WARN_RANGE_LOOP_ANALYSIS = YES;
				CLANG_WARN_STRICT_PROTOTYPES = YES;
				CLANG_WARN_SUSPICIOUS_MOVE = YES;
				CLANG_WARN_UNGUARDED_AVAILABILITY = YES_AGGRESSIVE;
				CLANG_WARN_UNREACHABLE_CODE = YES;
				CLANG_WARN__DUPLICATE_METHOD_MATCH = YES;
				COPY_PHASE_STRIP = NO;
				DEBUG_INFORMATION_FORMAT = dwarf;
				ENABLE_STRICT_OBJC_MSGSEND = YES;
				ENABLE_TESTABILITY = YES;
				ENABLE_USER_SCRIPT_SANDBOXING = YES;
				GCC_C_LANGUAGE_STANDARD = gnu17;
				GCC_DYNAMIC_NO_PIC = NO;
				GCC_NO_COMMON_BLOCKS = YES;
				GCC_OPTIMIZATION_LEVEL = 0;
				GCC_PREPROCESSOR_DEFINITIONS = (
					"DEBUG=1",
					"$(inherited)",
				);
				GCC_WARN_64_TO_32_BIT_CONVERSION = YES;
				GCC_WARN_ABOUT_RETURN_TYPE = YES_ERROR;
				GCC_WARN_UNDECLARED_SELECTOR = YES;
				GCC_WARN_UNINITIALIZED_AUTOS = YES_AGGRESSIVE;
				GCC_WARN_UNUSED_FUNCTION = YES;
				GCC_WARN_UNUSED_VARIABLE = YES;
				IPHONEOS_DEPLOYMENT_TARGET = 17.0;
				LOCALIZATION_PREFERS_STRING_CATALOGS = YES;
				MTL_ENABLE_DEBUG_INFO = INCLUDE_SOURCE;
				MTL_FAST_MATH = YES;
				ONLY_ACTIVE_ARCH = YES;
				SDKROOT = iphoneos;
				SWIFT_ACTIVE_COMPILATION_CONDITIONS = "DEBUG $(inherited)";
				SWIFT_OPTIMIZATION_LEVEL = "-Onone";
			};
			name = Debug;
		};
		303CBC602BEB66FD00A003E9 /* Release */ = {
			isa = XCBuildConfiguration;
			buildSettings = {
				ALWAYS_SEARCH_USER_PATHS = NO;
				ASSETCATALOG_COMPILER_GENERATE_SWIFT_ASSET_SYMBOL_EXTENSIONS = YES;
				CLANG_ANALYZER_NONNULL = YES;
				CLANG_ANALYZER_NUMBER_OBJECT_CONVERSION = YES_AGGRESSIVE;
				CLANG_CXX_LANGUAGE_STANDARD = "gnu++20";
				CLANG_ENABLE_MODULES = YES;
				CLANG_ENABLE_OBJC_ARC = YES;
				CLANG_ENABLE_OBJC_WEAK = YES;
				CLANG_WARN_BLOCK_CAPTURE_AUTORELEASING = YES;
				CLANG_WARN_BOOL_CONVERSION = YES;
				CLANG_WARN_COMMA = YES;
				CLANG_WARN_CONSTANT_CONVERSION = YES;
				CLANG_WARN_DEPRECATED_OBJC_IMPLEMENTATIONS = YES;
				CLANG_WARN_DIRECT_OBJC_ISA_USAGE = YES_ERROR;
				CLANG_WARN_DOCUMENTATION_COMMENTS = YES;
				CLANG_WARN_EMPTY_BODY = YES;
				CLANG_WARN_ENUM_CONVERSION = YES;
				CLANG_WARN_INFINITE_RECURSION = YES;
				CLANG_WARN_INT_CONVERSION = YES;
				CLANG_WARN_NON_LITERAL_NULL_CONVERSION = YES;
				CLANG_WARN_OBJC_IMPLICIT_RETAIN_SELF = YES;
				CLANG_WARN_OBJC_LITERAL_CONVERSION = YES;
				CLANG_WARN_OBJC_ROOT_CLASS = YES_ERROR;
				CLANG_WARN_QUOTED_INCLUDE_IN_FRAMEWORK_HEADER = YES;
				CLANG_WARN_RANGE_LOOP_ANALYSIS = YES;
				CLANG_WARN_STRICT_PROTOTYPES = YES;
				CLANG_WARN_SUSPICIOUS_MOVE = YES;
				CLANG_WARN_UNGUARDED_AVAILABILITY = YES_AGGRESSIVE;
				CLANG_WARN_UNREACHABLE_CODE = YES;
				CLANG_WARN__DUPLICATE_METHOD_MATCH = YES;
				COPY_PHASE_STRIP = NO;
				DEBUG_INFORMATION_FORMAT = "dwarf-with-dsym";
				ENABLE_NS_ASSERTIONS = NO;
				ENABLE_STRICT_OBJC_MSGSEND = YES;
				ENABLE_USER_SCRIPT_SANDBOXING = YES;
				GCC_C_LANGUAGE_STANDARD = gnu17;
				GCC_NO_COMMON_BLOCKS = YES;
				GCC_WARN_64_TO_32_BIT_CONVERSION = YES;
				GCC_WARN_ABOUT_RETURN_TYPE = YES_ERROR;
				GCC_WARN_UNDECLARED_SELECTOR = YES;
				GCC_WARN_UNINITIALIZED_AUTOS = YES_AGGRESSIVE;
				GCC_WARN_UNUSED_FUNCTION = YES;
				GCC_WARN_UNUSED_VARIABLE = YES;
				IPHONEOS_DEPLOYMENT_TARGET = 17.0;
				LOCALIZATION_PREFERS_STRING_CATALOGS = YES;
				MTL_ENABLE_DEBUG_INFO = NO;
				MTL_FAST_MATH = YES;
				SDKROOT = iphoneos;
				SWIFT_COMPILATION_MODE = wholemodule;
				VALIDATE_PRODUCT = YES;
			};
			name = Release;
		};
		303CBC622BEB66FD00A003E9 /* Debug */ = {
			isa = XCBuildConfiguration;
			buildSettings = {
				ASSETCATALOG_COMPILER_APPICON_NAME = AppIcon;
				ASSETCATALOG_COMPILER_GLOBAL_ACCENT_COLOR_NAME = AccentColor;
				CODE_SIGN_STYLE = Automatic;
				CURRENT_PROJECT_VERSION = 1;
				GENERATE_INFOPLIST_FILE = YES;
				INFOPLIST_FILE = WordList/Info.plist;
				INFOPLIST_KEY_UIApplicationSupportsIndirectInputEvents = YES;
				INFOPLIST_KEY_UILaunchStoryboardName = LaunchScreen;
				INFOPLIST_KEY_UIMainStoryboardFile = Main;
				INFOPLIST_KEY_UISupportedInterfaceOrientations_iPad = "UIInterfaceOrientationPortrait UIInterfaceOrientationPortraitUpsideDown UIInterfaceOrientationLandscapeLeft UIInterfaceOrientationLandscapeRight";
				INFOPLIST_KEY_UISupportedInterfaceOrientations_iPhone = "UIInterfaceOrientationPortrait UIInterfaceOrientationLandscapeLeft UIInterfaceOrientationLandscapeRight";
				LD_RUNPATH_SEARCH_PATHS = (
					"$(inherited)",
					"@executable_path/Frameworks",
				);
				MARKETING_VERSION = 1.0;
				PRODUCT_BUNDLE_IDENTIFIER = app.Yoshie.Miri.WordList;
				PRODUCT_NAME = "$(TARGET_NAME)";
				SWIFT_EMIT_LOC_STRINGS = YES;
				SWIFT_VERSION = 5.0;
				TARGETED_DEVICE_FAMILY = "1,2";
			};
			name = Debug;
		};
		303CBC632BEB66FD00A003E9 /* Release */ = {
			isa = XCBuildConfiguration;
			buildSettings = {
				ASSETCATALOG_COMPILER_APPICON_NAME = AppIcon;
				ASSETCATALOG_COMPILER_GLOBAL_ACCENT_COLOR_NAME = AccentColor;
				CODE_SIGN_STYLE = Automatic;
				CURRENT_PROJECT_VERSION = 1;
				GENERATE_INFOPLIST_FILE = YES;
				INFOPLIST_FILE = WordList/Info.plist;
				INFOPLIST_KEY_UIApplicationSupportsIndirectInputEvents = YES;
				INFOPLIST_KEY_UILaunchStoryboardName = LaunchScreen;
				INFOPLIST_KEY_UIMainStoryboardFile = Main;
				INFOPLIST_KEY_UISupportedInterfaceOrientations_iPad = "UIInterfaceOrientationPortrait UIInterfaceOrientationPortraitUpsideDown UIInterfaceOrientationLandscapeLeft UIInterfaceOrientationLandscapeRight";
				INFOPLIST_KEY_UISupportedInterfaceOrientations_iPhone = "UIInterfaceOrientationPortrait UIInterfaceOrientationLandscapeLeft UIInterfaceOrientationLandscapeRight";
				LD_RUNPATH_SEARCH_PATHS = (
					"$(inherited)",
					"@executable_path/Frameworks",
				);
				MARKETING_VERSION = 1.0;
				PRODUCT_BUNDLE_IDENTIFIER = app.Yoshie.Miri.WordList;
				PRODUCT_NAME = "$(TARGET_NAME)";
				SWIFT_EMIT_LOC_STRINGS = YES;
				SWIFT_VERSION = 5.0;
				TARGETED_DEVICE_FAMILY = "1,2";
			};
			name = Release;
		};
/* End XCBuildConfiguration section */

/* Begin XCConfigurationList section */
		303CBC482BEB66F900A003E9 /* Build configuration list for PBXProject "WordList" */ = {
			isa = XCConfigurationList;
			buildConfigurations = (
				303CBC5F2BEB66FD00A003E9 /* Debug */,
				303CBC602BEB66FD00A003E9 /* Release */,
			);
			defaultConfigurationIsVisible = 0;
			defaultConfigurationName = Release;
		};
		303CBC612BEB66FD00A003E9 /* Build configuration list for PBXNativeTarget "WordList" */ = {
			isa = XCConfigurationList;
			buildConfigurations = (
				303CBC622BEB66FD00A003E9 /* Debug */,
				303CBC632BEB66FD00A003E9 /* Release */,
			);
			defaultConfigurationIsVisible = 0;
			defaultConfigurationName = Release;
		};
/* End XCConfigurationList section */
	};
	rootObject = 303CBC452BEB66F900A003E9 /* Project object */;
}
